
Microsoft Visual Studio Solution File, Format Version 12.00
# Visual Studio Version 17
VisualStudioVersion = 17.8.34330.188
MinimumVisualStudioVersion = 10.0.40219.1
Project("{FAE04EC0-301F-11D3-BF4B-00C04F79EFBC}") = "MediaExpert_App.Server", "MediaExpert_App.Server\MediaExpert_App.Server.csproj", "{C39A608F-3247-463E-913D-1E843F1EC629}"
EndProject
Project("{54A90642-561A-4BB1-A94E-469ADEE60C69}") = "mediaexpert_app.client", "mediaexpert_app.client\mediaexpert_app.client.esproj", "{CA09931F-15BC-4835-B11E-F2DFB0CBC144}"
EndProject
Global
	GlobalSection(SolutionConfigurationPlatforms) = preSolution
		Debug|Any CPU = Debug|Any CPU
		Release|Any CPU = Release|Any CPU
	EndGlobalSection
	GlobalSection(ProjectConfigurationPlatforms) = postSolution
		{C39A608F-3247-463E-913D-1E843F1EC629}.Debug|Any CPU.ActiveCfg = Debug|Any CPU
		{C39A608F-3247-463E-913D-1E843F1EC629}.Debug|Any CPU.Build.0 = Debug|Any CPU
		{C39A608F-3247-463E-913D-1E843F1EC629}.Release|Any CPU.ActiveCfg = Release|Any CPU
		{C39A608F-3247-463E-913D-1E843F1EC629}.Release|Any CPU.Build.0 = Release|Any CPU
		{CA09931F-15BC-4835-B11E-F2DFB0CBC144}.Debug|Any CPU.ActiveCfg = Debug|Any CPU
		{CA09931F-15BC-4835-B11E-F2DFB0CBC144}.Debug|Any CPU.Build.0 = Debug|Any CPU
		{CA09931F-15BC-4835-B11E-F2DFB0CBC144}.Debug|Any CPU.Deploy.0 = Debug|Any CPU
		{CA09931F-15BC-4835-B11E-F2DFB0CBC144}.Release|Any CPU.ActiveCfg = Release|Any CPU
		{CA09931F-15BC-4835-B11E-F2DFB0CBC144}.Release|Any CPU.Build.0 = Release|Any CPU
		{CA09931F-15BC-4835-B11E-F2DFB0CBC144}.Release|Any CPU.Deploy.0 = Release|Any CPU
	EndGlobalSection
	GlobalSection(SolutionProperties) = preSolution
		HideSolutionNode = FALSE
	EndGlobalSection
	GlobalSection(ExtensibilityGlobals) = postSolution
		SolutionGuid = {2A3E3BBC-FBD8-408E-AF30-8F59FD94574D}
	EndGlobalSection
EndGlobal
